// !$*UTF8*$!
{
	archiveVersion = 1;
	classes = {
	};
	objectVersion = 56;
	objects = {

/* Begin PBXBuildFile section */
		260EB2EF2BE656E20023BD56 /* LinkedList.swift in Sources */ = {isa = PBXBuildFile; fileRef = 260EB2EE2BE656E20023BD56 /* LinkedList.swift */; };
		260EB2F12BE657130023BD56 /* Node.swift in Sources */ = {isa = PBXBuildFile; fileRef = 260EB2F02BE657130023BD56 /* Node.swift */; };
		260EB2F72BE8F3340023BD56 /* Helpers.swift in Sources */ = {isa = PBXBuildFile; fileRef = 260EB2F62BE8F3340023BD56 /* Helpers.swift */; };
		260EB2FB2BE921C60023BD56 /* RemoveElementTests.swift in Sources */ = {isa = PBXBuildFile; fileRef = 260EB2FA2BE921C60023BD56 /* RemoveElementTests.swift */; };
		260EB2FD2BE92BBB0023BD56 /* RemoveDuplicatesFromSortedArrayTests.swift in Sources */ = {isa = PBXBuildFile; fileRef = 260EB2FC2BE92BBB0023BD56 /* RemoveDuplicatesFromSortedArrayTests.swift */; };
		260EB2FF2BE9368F0023BD56 /* RemoveDuplicatesFromSortedArrayIITests.swift in Sources */ = {isa = PBXBuildFile; fileRef = 260EB2FE2BE9368F0023BD56 /* RemoveDuplicatesFromSortedArrayIITests.swift */; };
		260EB3012BE93F2F0023BD56 /* MajorityElementTests.swift in Sources */ = {isa = PBXBuildFile; fileRef = 260EB3002BE93F2F0023BD56 /* MajorityElementTests.swift */; };
		260EB3032BE94D490023BD56 /* RotateArrayTests.swift in Sources */ = {isa = PBXBuildFile; fileRef = 260EB3022BE94D490023BD56 /* RotateArrayTests.swift */; };
		260EB3052BE957B60023BD56 /* BestTimeToBuyAndSellStockTests.swift in Sources */ = {isa = PBXBuildFile; fileRef = 260EB3042BE957B60023BD56 /* BestTimeToBuyAndSellStockTests.swift */; };
		260EB3072BE95C180023BD56 /* BestTimeToBuyAndSellStockIITests.swift in Sources */ = {isa = PBXBuildFile; fileRef = 260EB3062BE95C180023BD56 /* BestTimeToBuyAndSellStockIITests.swift */; };
		260EB3092BEA4A090023BD56 /* JumpGameTests.swift in Sources */ = {isa = PBXBuildFile; fileRef = 260EB3082BEA4A090023BD56 /* JumpGameTests.swift */; };
		260EB30B2BEA9D3B0023BD56 /* JumpGameIITests.swift in Sources */ = {isa = PBXBuildFile; fileRef = 260EB30A2BEA9D3B0023BD56 /* JumpGameIITests.swift */; };
		260EB30D2BEBC1AA0023BD56 /* Queue.swift in Sources */ = {isa = PBXBuildFile; fileRef = 260EB30C2BEBC1AA0023BD56 /* Queue.swift */; };
		260EB30F2BEBC4F10023BD56 /* QueueArray.swift in Sources */ = {isa = PBXBuildFile; fileRef = 260EB30E2BEBC4F10023BD56 /* QueueArray.swift */; };
		260EB3152BEBE9D60023BD56 /* QueueArrayTests.swift in Sources */ = {isa = PBXBuildFile; fileRef = 260EB3142BEBE9D60023BD56 /* QueueArrayTests.swift */; };
		260EB3182BEC08AF0023BD56 /* QueueLinkedList.swift in Sources */ = {isa = PBXBuildFile; fileRef = 260EB3172BEC08AF0023BD56 /* QueueLinkedList.swift */; };
		260EB31A2BEC0C5A0023BD56 /* DoublyLinkedList.swift in Sources */ = {isa = PBXBuildFile; fileRef = 260EB3192BEC0C5A0023BD56 /* DoublyLinkedList.swift */; };
		260EB31C2BEC0EB10023BD56 /* QueueLinkedListTests.swift in Sources */ = {isa = PBXBuildFile; fileRef = 260EB31B2BEC0EB10023BD56 /* QueueLinkedListTests.swift */; };
		260EB31E2BEC11250023BD56 /* DoublyLinkedListTests.swift in Sources */ = {isa = PBXBuildFile; fileRef = 260EB31D2BEC11250023BD56 /* DoublyLinkedListTests.swift */; };
		260EB3202BEC13130023BD56 /* RingBuffer.swift in Sources */ = {isa = PBXBuildFile; fileRef = 260EB31F2BEC13130023BD56 /* RingBuffer.swift */; };
		260EB3242BEC174B0023BD56 /* RingBufferTests.swift in Sources */ = {isa = PBXBuildFile; fileRef = 260EB3232BEC174B0023BD56 /* RingBufferTests.swift */; };
		260EB3262BEC18C50023BD56 /* QueueRingBuffer.swift in Sources */ = {isa = PBXBuildFile; fileRef = 260EB3252BEC18C50023BD56 /* QueueRingBuffer.swift */; };
		260EB3282BEC1AF30023BD56 /* QueueRingBufferTests.swift in Sources */ = {isa = PBXBuildFile; fileRef = 260EB3272BEC1AF30023BD56 /* QueueRingBufferTests.swift */; };
		260EB32A2BEC1BFA0023BD56 /* QueueStack.swift in Sources */ = {isa = PBXBuildFile; fileRef = 260EB3292BEC1BFA0023BD56 /* QueueStack.swift */; };
		260EB32C2BEC20430023BD56 /* QueueStackTests.swift in Sources */ = {isa = PBXBuildFile; fileRef = 260EB32B2BEC20430023BD56 /* QueueStackTests.swift */; };
		260EB32E2BEC22BE0023BD56 /* QueueTwo.swift in Sources */ = {isa = PBXBuildFile; fileRef = 260EB32D2BEC22BE0023BD56 /* QueueTwo.swift */; };
		260EB3302BEC23450023BD56 /* TreeNode.swift in Sources */ = {isa = PBXBuildFile; fileRef = 260EB32F2BEC23450023BD56 /* TreeNode.swift */; };
		260EB3322BEC27E20023BD56 /* TreeNodeTests.swift in Sources */ = {isa = PBXBuildFile; fileRef = 260EB3312BEC27E20023BD56 /* TreeNodeTests.swift */; };
		260EB3362BEE5A9A0023BD56 /* BinaryNode.swift in Sources */ = {isa = PBXBuildFile; fileRef = 260EB3352BEE5A9A0023BD56 /* BinaryNode.swift */; };
		260EB3392BEE5F050023BD56 /* BinaryTreeTests.swift in Sources */ = {isa = PBXBuildFile; fileRef = 260EB3382BEE5F050023BD56 /* BinaryTreeTests.swift */; };
		260EB33B2BEE74740023BD56 /* H-IndexTests.swift in Sources */ = {isa = PBXBuildFile; fileRef = 260EB33A2BEE74740023BD56 /* H-IndexTests.swift */; };
		260EB33D2BEE7D780023BD56 /* InsertDeleteGetRandomO(1)Tests.swift in Sources */ = {isa = PBXBuildFile; fileRef = 260EB33C2BEE7D780023BD56 /* InsertDeleteGetRandomO(1)Tests.swift */; };
		260EB3B02BEEA4690023BD56 /* ProductOfArrayExceptSelfTests.swift in Sources */ = {isa = PBXBuildFile; fileRef = 260EB3AF2BEEA4690023BD56 /* ProductOfArrayExceptSelfTests.swift */; };
		260EB3B22BEEAC5A0023BD56 /* GasStationTests.swift in Sources */ = {isa = PBXBuildFile; fileRef = 260EB3B12BEEAC5A0023BD56 /* GasStationTests.swift */; };
		260EB3B42BF237930023BD56 /* CandyTests.swift in Sources */ = {isa = PBXBuildFile; fileRef = 260EB3B32BF237930023BD56 /* CandyTests.swift */; };
		260EB3B62BF269CA0023BD56 /* TrappingRainWaterTests.swift in Sources */ = {isa = PBXBuildFile; fileRef = 260EB3B52BF269CA0023BD56 /* TrappingRainWaterTests.swift */; };
		260EB3B82BF272C30023BD56 /* BinarySearchTree.swift in Sources */ = {isa = PBXBuildFile; fileRef = 260EB3B72BF272C30023BD56 /* BinarySearchTree.swift */; };
		260EB3BA2BF2734B0023BD56 /* BinaryNodeTwo.swift in Sources */ = {isa = PBXBuildFile; fileRef = 260EB3B92BF2734B0023BD56 /* BinaryNodeTwo.swift */; };
		260EB3BC2BF27CEB0023BD56 /* BinarySearchTreeTests.swift in Sources */ = {isa = PBXBuildFile; fileRef = 260EB3BB2BF27CEB0023BD56 /* BinarySearchTreeTests.swift */; };
		260EB3BF2BF29B690023BD56 /* RomanToIntegerTests.swift in Sources */ = {isa = PBXBuildFile; fileRef = 260EB3BE2BF29B690023BD56 /* RomanToIntegerTests.swift */; };
		260EB3C22BF29C440023BD56 /* AVLNode.swift in Sources */ = {isa = PBXBuildFile; fileRef = 260EB3C12BF29C440023BD56 /* AVLNode.swift */; };
		260EB3C42BF29C520023BD56 /* AVLTree.swift in Sources */ = {isa = PBXBuildFile; fileRef = 260EB3C32BF29C520023BD56 /* AVLTree.swift */; };
		260EB3C62BF29CFA0023BD56 /* AVLTreeTests.swift in Sources */ = {isa = PBXBuildFile; fileRef = 260EB3C52BF29CFA0023BD56 /* AVLTreeTests.swift */; };
		260EB3C92BF29DD20023BD56 /* TrieNode.swift in Sources */ = {isa = PBXBuildFile; fileRef = 260EB3C82BF29DD20023BD56 /* TrieNode.swift */; };
		260EB3CB2BF29DF00023BD56 /* Trie.swift in Sources */ = {isa = PBXBuildFile; fileRef = 260EB3CA2BF29DF00023BD56 /* Trie.swift */; };
		260EB3CD2BF29E500023BD56 /* TrieTests.swift in Sources */ = {isa = PBXBuildFile; fileRef = 260EB3CC2BF29E500023BD56 /* TrieTests.swift */; };
		260EB3CF2BF2AE020023BD56 /* IntegerToRomanTests.swift in Sources */ = {isa = PBXBuildFile; fileRef = 260EB3CE2BF2AE020023BD56 /* IntegerToRomanTests.swift */; };
		260EB3D12BF2B6260023BD56 /* LengthOfLastWordTests.swift in Sources */ = {isa = PBXBuildFile; fileRef = 260EB3D02BF2B6260023BD56 /* LengthOfLastWordTests.swift */; };
		260EB3D32BF2BAA50023BD56 /* LongestCommonPrefixTests.swift in Sources */ = {isa = PBXBuildFile; fileRef = 260EB3D22BF2BAA50023BD56 /* LongestCommonPrefixTests.swift */; };
		260EB3D52BF2C1BD0023BD56 /* ReverseWordsInAString.swift in Sources */ = {isa = PBXBuildFile; fileRef = 260EB3D42BF2C1BD0023BD56 /* ReverseWordsInAString.swift */; };
		260EB3D72BF3B6B00023BD56 /* ZigzagConversionTests.swift in Sources */ = {isa = PBXBuildFile; fileRef = 260EB3D62BF3B6B00023BD56 /* ZigzagConversionTests.swift */; };
		260EB3D92BF3DFFC0023BD56 /* FindIndexOfFirstOccurrenceInStringTests.swift in Sources */ = {isa = PBXBuildFile; fileRef = 260EB3D82BF3DFFC0023BD56 /* FindIndexOfFirstOccurrenceInStringTests.swift */; };
		260EB3DB2BF3F6490023BD56 /* TextJustificationTests.swift in Sources */ = {isa = PBXBuildFile; fileRef = 260EB3DA2BF3F6490023BD56 /* TextJustificationTests.swift */; };
		260EB3DD2BF401D40023BD56 /* IsPalindromeTests.swift in Sources */ = {isa = PBXBuildFile; fileRef = 260EB3DC2BF401D40023BD56 /* IsPalindromeTests.swift */; };
		260EB3DF2BF900560023BD56 /* IsSubsequenceTests.swift in Sources */ = {isa = PBXBuildFile; fileRef = 260EB3DE2BF900560023BD56 /* IsSubsequenceTests.swift */; };
		2641FF852BDCF3C500DB3249 /* LeetcodePracticeApp.swift in Sources */ = {isa = PBXBuildFile; fileRef = 2641FF842BDCF3C500DB3249 /* LeetcodePracticeApp.swift */; };
		2641FF872BDCF3C500DB3249 /* ContentView.swift in Sources */ = {isa = PBXBuildFile; fileRef = 2641FF862BDCF3C500DB3249 /* ContentView.swift */; };
		2641FF892BDCF3C600DB3249 /* Assets.xcassets in Resources */ = {isa = PBXBuildFile; fileRef = 2641FF882BDCF3C600DB3249 /* Assets.xcassets */; };
		2641FF8D2BDCF3C600DB3249 /* Preview Assets.xcassets in Resources */ = {isa = PBXBuildFile; fileRef = 2641FF8C2BDCF3C600DB3249 /* Preview Assets.xcassets */; };
		2641FF972BDCF3C600DB3249 /* LeetcodePracticeTests.swift in Sources */ = {isa = PBXBuildFile; fileRef = 2641FF962BDCF3C600DB3249 /* LeetcodePracticeTests.swift */; };
		2641FFA12BDCF3C600DB3249 /* LeetcodePracticeUITests.swift in Sources */ = {isa = PBXBuildFile; fileRef = 2641FFA02BDCF3C600DB3249 /* LeetcodePracticeUITests.swift */; };
		2641FFA32BDCF3C600DB3249 /* LeetcodePracticeUITestsLaunchTests.swift in Sources */ = {isa = PBXBuildFile; fileRef = 2641FFA22BDCF3C600DB3249 /* LeetcodePracticeUITestsLaunchTests.swift */; };
		2641FFC52BE26A7C00DB3249 /* StackTests.swift in Sources */ = {isa = PBXBuildFile; fileRef = 2641FFC42BE26A7C00DB3249 /* StackTests.swift */; };
		2641FFC92BE2A90800DB3249 /* LinkedListTests.swift in Sources */ = {isa = PBXBuildFile; fileRef = 2641FFC82BE2A90800DB3249 /* LinkedListTests.swift */; };
		26DE73CD2BFC14A4009F655D /* RansomNoteTests.swift in Sources */ = {isa = PBXBuildFile; fileRef = 26DE73CC2BFC14A4009F655D /* RansomNoteTests.swift */; };
		26DE73CF2BFD211D009F655D /* IsomorphicStringsTests.swift in Sources */ = {isa = PBXBuildFile; fileRef = 26DE73CE2BFD211D009F655D /* IsomorphicStringsTests.swift */; };
		26DE73D12BFE8DB1009F655D /* WordPatternTests.swift in Sources */ = {isa = PBXBuildFile; fileRef = 26DE73D02BFE8DB1009F655D /* WordPatternTests.swift */; };
		26DE73D32BFFC208009F655D /* ValidAnagramTests.swift in Sources */ = {isa = PBXBuildFile; fileRef = 26DE73D22BFFC208009F655D /* ValidAnagramTests.swift */; };
		26DE73E22C07588B009F655D /* TwoSumTests.swift in Sources */ = {isa = PBXBuildFile; fileRef = 26DE73E12C07588B009F655D /* TwoSumTests.swift */; };
		26DE73E42C08CCD7009F655D /* HappyNumberTests.swift in Sources */ = {isa = PBXBuildFile; fileRef = 26DE73E32C08CCD7009F655D /* HappyNumberTests.swift */; };
		26DE73EA2C0E5113009F655D /* ContainsDuplicateIITests.swift in Sources */ = {isa = PBXBuildFile; fileRef = 26DE73E92C0E5113009F655D /* ContainsDuplicateIITests.swift */; };
/* End PBXBuildFile section */

/* Begin PBXContainerItemProxy section */
		2641FF932BDCF3C600DB3249 /* PBXContainerItemProxy */ = {
			isa = PBXContainerItemProxy;
			containerPortal = 2641FF792BDCF3C500DB3249 /* Project object */;
			proxyType = 1;
			remoteGlobalIDString = 2641FF802BDCF3C500DB3249;
			remoteInfo = LeetcodePractice;
		};
		2641FF9D2BDCF3C600DB3249 /* PBXContainerItemProxy */ = {
			isa = PBXContainerItemProxy;
			containerPortal = 2641FF792BDCF3C500DB3249 /* Project object */;
			proxyType = 1;
			remoteGlobalIDString = 2641FF802BDCF3C500DB3249;
			remoteInfo = LeetcodePractice;
		};
/* End PBXContainerItemProxy section */

/* Begin PBXFileReference section */
		260EB2EE2BE656E20023BD56 /* LinkedList.swift */ = {isa = PBXFileReference; lastKnownFileType = sourcecode.swift; path = LinkedList.swift; sourceTree = "<group>"; };
		260EB2F02BE657130023BD56 /* Node.swift */ = {isa = PBXFileReference; lastKnownFileType = sourcecode.swift; path = Node.swift; sourceTree = "<group>"; };
		260EB2F62BE8F3340023BD56 /* Helpers.swift */ = {isa = PBXFileReference; lastKnownFileType = sourcecode.swift; path = Helpers.swift; sourceTree = "<group>"; };
		260EB2FA2BE921C60023BD56 /* RemoveElementTests.swift */ = {isa = PBXFileReference; lastKnownFileType = sourcecode.swift; path = RemoveElementTests.swift; sourceTree = "<group>"; };
		260EB2FC2BE92BBB0023BD56 /* RemoveDuplicatesFromSortedArrayTests.swift */ = {isa = PBXFileReference; lastKnownFileType = sourcecode.swift; path = RemoveDuplicatesFromSortedArrayTests.swift; sourceTree = "<group>"; };
		260EB2FE2BE9368F0023BD56 /* RemoveDuplicatesFromSortedArrayIITests.swift */ = {isa = PBXFileReference; lastKnownFileType = sourcecode.swift; path = RemoveDuplicatesFromSortedArrayIITests.swift; sourceTree = "<group>"; };
		260EB3002BE93F2F0023BD56 /* MajorityElementTests.swift */ = {isa = PBXFileReference; lastKnownFileType = sourcecode.swift; path = MajorityElementTests.swift; sourceTree = "<group>"; };
		260EB3022BE94D490023BD56 /* RotateArrayTests.swift */ = {isa = PBXFileReference; lastKnownFileType = sourcecode.swift; path = RotateArrayTests.swift; sourceTree = "<group>"; };
		260EB3042BE957B60023BD56 /* BestTimeToBuyAndSellStockTests.swift */ = {isa = PBXFileReference; lastKnownFileType = sourcecode.swift; path = BestTimeToBuyAndSellStockTests.swift; sourceTree = "<group>"; };
		260EB3062BE95C180023BD56 /* BestTimeToBuyAndSellStockIITests.swift */ = {isa = PBXFileReference; lastKnownFileType = sourcecode.swift; path = BestTimeToBuyAndSellStockIITests.swift; sourceTree = "<group>"; };
		260EB3082BEA4A090023BD56 /* JumpGameTests.swift */ = {isa = PBXFileReference; lastKnownFileType = sourcecode.swift; path = JumpGameTests.swift; sourceTree = "<group>"; };
		260EB30A2BEA9D3B0023BD56 /* JumpGameIITests.swift */ = {isa = PBXFileReference; lastKnownFileType = sourcecode.swift; path = JumpGameIITests.swift; sourceTree = "<group>"; };
		260EB30C2BEBC1AA0023BD56 /* Queue.swift */ = {isa = PBXFileReference; lastKnownFileType = sourcecode.swift; path = Queue.swift; sourceTree = "<group>"; };
		260EB30E2BEBC4F10023BD56 /* QueueArray.swift */ = {isa = PBXFileReference; lastKnownFileType = sourcecode.swift; path = QueueArray.swift; sourceTree = "<group>"; };
		260EB3142BEBE9D60023BD56 /* QueueArrayTests.swift */ = {isa = PBXFileReference; lastKnownFileType = sourcecode.swift; path = QueueArrayTests.swift; sourceTree = "<group>"; };
		260EB3172BEC08AF0023BD56 /* QueueLinkedList.swift */ = {isa = PBXFileReference; lastKnownFileType = sourcecode.swift; path = QueueLinkedList.swift; sourceTree = "<group>"; };
		260EB3192BEC0C5A0023BD56 /* DoublyLinkedList.swift */ = {isa = PBXFileReference; lastKnownFileType = sourcecode.swift; path = DoublyLinkedList.swift; sourceTree = "<group>"; };
		260EB31B2BEC0EB10023BD56 /* QueueLinkedListTests.swift */ = {isa = PBXFileReference; lastKnownFileType = sourcecode.swift; path = QueueLinkedListTests.swift; sourceTree = "<group>"; };
		260EB31D2BEC11250023BD56 /* DoublyLinkedListTests.swift */ = {isa = PBXFileReference; lastKnownFileType = sourcecode.swift; path = DoublyLinkedListTests.swift; sourceTree = "<group>"; };
		260EB31F2BEC13130023BD56 /* RingBuffer.swift */ = {isa = PBXFileReference; lastKnownFileType = sourcecode.swift; path = RingBuffer.swift; sourceTree = "<group>"; };
		260EB3232BEC174B0023BD56 /* RingBufferTests.swift */ = {isa = PBXFileReference; lastKnownFileType = sourcecode.swift; path = RingBufferTests.swift; sourceTree = "<group>"; };
		260EB3252BEC18C50023BD56 /* QueueRingBuffer.swift */ = {isa = PBXFileReference; lastKnownFileType = sourcecode.swift; path = QueueRingBuffer.swift; sourceTree = "<group>"; };
		260EB3272BEC1AF30023BD56 /* QueueRingBufferTests.swift */ = {isa = PBXFileReference; lastKnownFileType = sourcecode.swift; path = QueueRingBufferTests.swift; sourceTree = "<group>"; };
		260EB3292BEC1BFA0023BD56 /* QueueStack.swift */ = {isa = PBXFileReference; lastKnownFileType = sourcecode.swift; path = QueueStack.swift; sourceTree = "<group>"; };
		260EB32B2BEC20430023BD56 /* QueueStackTests.swift */ = {isa = PBXFileReference; lastKnownFileType = sourcecode.swift; path = QueueStackTests.swift; sourceTree = "<group>"; };
		260EB32D2BEC22BE0023BD56 /* QueueTwo.swift */ = {isa = PBXFileReference; lastKnownFileType = sourcecode.swift; path = QueueTwo.swift; sourceTree = "<group>"; };
		260EB32F2BEC23450023BD56 /* TreeNode.swift */ = {isa = PBXFileReference; lastKnownFileType = sourcecode.swift; path = TreeNode.swift; sourceTree = "<group>"; };
		260EB3312BEC27E20023BD56 /* TreeNodeTests.swift */ = {isa = PBXFileReference; lastKnownFileType = sourcecode.swift; path = TreeNodeTests.swift; sourceTree = "<group>"; };
		260EB3342BEC2BF60023BD56 /* LeetcodePractice.xctestplan */ = {isa = PBXFileReference; lastKnownFileType = text; path = LeetcodePractice.xctestplan; sourceTree = "<group>"; };
		260EB3352BEE5A9A0023BD56 /* BinaryNode.swift */ = {isa = PBXFileReference; lastKnownFileType = sourcecode.swift; path = BinaryNode.swift; sourceTree = "<group>"; };
		260EB3382BEE5F050023BD56 /* BinaryTreeTests.swift */ = {isa = PBXFileReference; lastKnownFileType = sourcecode.swift; path = BinaryTreeTests.swift; sourceTree = "<group>"; };
		260EB33A2BEE74740023BD56 /* H-IndexTests.swift */ = {isa = PBXFileReference; lastKnownFileType = sourcecode.swift; path = "H-IndexTests.swift"; sourceTree = "<group>"; };
		260EB33C2BEE7D780023BD56 /* InsertDeleteGetRandomO(1)Tests.swift */ = {isa = PBXFileReference; lastKnownFileType = sourcecode.swift; path = "InsertDeleteGetRandomO(1)Tests.swift"; sourceTree = "<group>"; };
		260EB3AF2BEEA4690023BD56 /* ProductOfArrayExceptSelfTests.swift */ = {isa = PBXFileReference; lastKnownFileType = sourcecode.swift; path = ProductOfArrayExceptSelfTests.swift; sourceTree = "<group>"; };
		260EB3B12BEEAC5A0023BD56 /* GasStationTests.swift */ = {isa = PBXFileReference; lastKnownFileType = sourcecode.swift; path = GasStationTests.swift; sourceTree = "<group>"; };
		260EB3B32BF237930023BD56 /* CandyTests.swift */ = {isa = PBXFileReference; lastKnownFileType = sourcecode.swift; path = CandyTests.swift; sourceTree = "<group>"; };
		260EB3B52BF269CA0023BD56 /* TrappingRainWaterTests.swift */ = {isa = PBXFileReference; lastKnownFileType = sourcecode.swift; path = TrappingRainWaterTests.swift; sourceTree = "<group>"; };
		260EB3B72BF272C30023BD56 /* BinarySearchTree.swift */ = {isa = PBXFileReference; lastKnownFileType = sourcecode.swift; path = BinarySearchTree.swift; sourceTree = "<group>"; };
		260EB3B92BF2734B0023BD56 /* BinaryNodeTwo.swift */ = {isa = PBXFileReference; lastKnownFileType = sourcecode.swift; path = BinaryNodeTwo.swift; sourceTree = "<group>"; };
		260EB3BB2BF27CEB0023BD56 /* BinarySearchTreeTests.swift */ = {isa = PBXFileReference; lastKnownFileType = sourcecode.swift; path = BinarySearchTreeTests.swift; sourceTree = "<group>"; };
		260EB3BE2BF29B690023BD56 /* RomanToIntegerTests.swift */ = {isa = PBXFileReference; lastKnownFileType = sourcecode.swift; path = RomanToIntegerTests.swift; sourceTree = "<group>"; };
		260EB3C12BF29C440023BD56 /* AVLNode.swift */ = {isa = PBXFileReference; lastKnownFileType = sourcecode.swift; path = AVLNode.swift; sourceTree = "<group>"; };
		260EB3C32BF29C520023BD56 /* AVLTree.swift */ = {isa = PBXFileReference; lastKnownFileType = sourcecode.swift; path = AVLTree.swift; sourceTree = "<group>"; };
		260EB3C52BF29CFA0023BD56 /* AVLTreeTests.swift */ = {isa = PBXFileReference; lastKnownFileType = sourcecode.swift; path = AVLTreeTests.swift; sourceTree = "<group>"; };
		260EB3C82BF29DD20023BD56 /* TrieNode.swift */ = {isa = PBXFileReference; lastKnownFileType = sourcecode.swift; path = TrieNode.swift; sourceTree = "<group>"; };
		260EB3CA2BF29DF00023BD56 /* Trie.swift */ = {isa = PBXFileReference; lastKnownFileType = sourcecode.swift; path = Trie.swift; sourceTree = "<group>"; };
		260EB3CC2BF29E500023BD56 /* TrieTests.swift */ = {isa = PBXFileReference; lastKnownFileType = sourcecode.swift; path = TrieTests.swift; sourceTree = "<group>"; };
		260EB3CE2BF2AE020023BD56 /* IntegerToRomanTests.swift */ = {isa = PBXFileReference; lastKnownFileType = sourcecode.swift; path = IntegerToRomanTests.swift; sourceTree = "<group>"; };
		260EB3D02BF2B6260023BD56 /* LengthOfLastWordTests.swift */ = {isa = PBXFileReference; lastKnownFileType = sourcecode.swift; path = LengthOfLastWordTests.swift; sourceTree = "<group>"; };
		260EB3D22BF2BAA50023BD56 /* LongestCommonPrefixTests.swift */ = {isa = PBXFileReference; lastKnownFileType = sourcecode.swift; path = LongestCommonPrefixTests.swift; sourceTree = "<group>"; };
		260EB3D42BF2C1BD0023BD56 /* ReverseWordsInAString.swift */ = {isa = PBXFileReference; lastKnownFileType = sourcecode.swift; path = ReverseWordsInAString.swift; sourceTree = "<group>"; };
		260EB3D62BF3B6B00023BD56 /* ZigzagConversionTests.swift */ = {isa = PBXFileReference; lastKnownFileType = sourcecode.swift; path = ZigzagConversionTests.swift; sourceTree = "<group>"; };
		260EB3D82BF3DFFC0023BD56 /* FindIndexOfFirstOccurrenceInStringTests.swift */ = {isa = PBXFileReference; lastKnownFileType = sourcecode.swift; path = FindIndexOfFirstOccurrenceInStringTests.swift; sourceTree = "<group>"; };
		260EB3DA2BF3F6490023BD56 /* TextJustificationTests.swift */ = {isa = PBXFileReference; lastKnownFileType = sourcecode.swift; path = TextJustificationTests.swift; sourceTree = "<group>"; };
		260EB3DC2BF401D40023BD56 /* IsPalindromeTests.swift */ = {isa = PBXFileReference; lastKnownFileType = sourcecode.swift; path = IsPalindromeTests.swift; sourceTree = "<group>"; };
		260EB3DE2BF900560023BD56 /* IsSubsequenceTests.swift */ = {isa = PBXFileReference; lastKnownFileType = sourcecode.swift; path = IsSubsequenceTests.swift; sourceTree = "<group>"; };
		2641FF812BDCF3C500DB3249 /* LeetcodePractice.app */ = {isa = PBXFileReference; explicitFileType = wrapper.application; includeInIndex = 0; path = LeetcodePractice.app; sourceTree = BUILT_PRODUCTS_DIR; };
		2641FF842BDCF3C500DB3249 /* LeetcodePracticeApp.swift */ = {isa = PBXFileReference; lastKnownFileType = sourcecode.swift; path = LeetcodePracticeApp.swift; sourceTree = "<group>"; };
		2641FF862BDCF3C500DB3249 /* ContentView.swift */ = {isa = PBXFileReference; lastKnownFileType = sourcecode.swift; path = ContentView.swift; sourceTree = "<group>"; };
		2641FF882BDCF3C600DB3249 /* Assets.xcassets */ = {isa = PBXFileReference; lastKnownFileType = folder.assetcatalog; path = Assets.xcassets; sourceTree = "<group>"; };
		2641FF8A2BDCF3C600DB3249 /* LeetcodePractice.entitlements */ = {isa = PBXFileReference; lastKnownFileType = text.plist.entitlements; path = LeetcodePractice.entitlements; sourceTree = "<group>"; };
		2641FF8C2BDCF3C600DB3249 /* Preview Assets.xcassets */ = {isa = PBXFileReference; lastKnownFileType = folder.assetcatalog; path = "Preview Assets.xcassets"; sourceTree = "<group>"; };
		2641FF922BDCF3C600DB3249 /* LeetcodePracticeTests.xctest */ = {isa = PBXFileReference; explicitFileType = wrapper.cfbundle; includeInIndex = 0; path = LeetcodePracticeTests.xctest; sourceTree = BUILT_PRODUCTS_DIR; };
		2641FF962BDCF3C600DB3249 /* LeetcodePracticeTests.swift */ = {isa = PBXFileReference; lastKnownFileType = sourcecode.swift; path = LeetcodePracticeTests.swift; sourceTree = "<group>"; };
		2641FF9C2BDCF3C600DB3249 /* LeetcodePracticeUITests.xctest */ = {isa = PBXFileReference; explicitFileType = wrapper.cfbundle; includeInIndex = 0; path = LeetcodePracticeUITests.xctest; sourceTree = BUILT_PRODUCTS_DIR; };
		2641FFA02BDCF3C600DB3249 /* LeetcodePracticeUITests.swift */ = {isa = PBXFileReference; lastKnownFileType = sourcecode.swift; path = LeetcodePracticeUITests.swift; sourceTree = "<group>"; };
		2641FFA22BDCF3C600DB3249 /* LeetcodePracticeUITestsLaunchTests.swift */ = {isa = PBXFileReference; lastKnownFileType = sourcecode.swift; path = LeetcodePracticeUITestsLaunchTests.swift; sourceTree = "<group>"; };
		2641FFC42BE26A7C00DB3249 /* StackTests.swift */ = {isa = PBXFileReference; lastKnownFileType = sourcecode.swift; path = StackTests.swift; sourceTree = "<group>"; };
		2641FFC82BE2A90800DB3249 /* LinkedListTests.swift */ = {isa = PBXFileReference; lastKnownFileType = sourcecode.swift; path = LinkedListTests.swift; sourceTree = "<group>"; };
		26DE73CC2BFC14A4009F655D /* RansomNoteTests.swift */ = {isa = PBXFileReference; lastKnownFileType = sourcecode.swift; path = RansomNoteTests.swift; sourceTree = "<group>"; };
		26DE73CE2BFD211D009F655D /* IsomorphicStringsTests.swift */ = {isa = PBXFileReference; lastKnownFileType = sourcecode.swift; path = IsomorphicStringsTests.swift; sourceTree = "<group>"; };
		26DE73D02BFE8DB1009F655D /* WordPatternTests.swift */ = {isa = PBXFileReference; lastKnownFileType = sourcecode.swift; path = WordPatternTests.swift; sourceTree = "<group>"; };
		26DE73D22BFFC208009F655D /* ValidAnagramTests.swift */ = {isa = PBXFileReference; lastKnownFileType = sourcecode.swift; path = ValidAnagramTests.swift; sourceTree = "<group>"; };
		26DE73E12C07588B009F655D /* TwoSumTests.swift */ = {isa = PBXFileReference; lastKnownFileType = sourcecode.swift; path = TwoSumTests.swift; sourceTree = "<group>"; };
		26DE73E32C08CCD7009F655D /* HappyNumberTests.swift */ = {isa = PBXFileReference; lastKnownFileType = sourcecode.swift; path = HappyNumberTests.swift; sourceTree = "<group>"; };
		26DE73E92C0E5113009F655D /* ContainsDuplicateIITests.swift */ = {isa = PBXFileReference; lastKnownFileType = sourcecode.swift; path = ContainsDuplicateIITests.swift; sourceTree = "<group>"; };
/* End PBXFileReference section */

/* Begin PBXFrameworksBuildPhase section */
		2641FF7E2BDCF3C500DB3249 /* Frameworks */ = {
			isa = PBXFrameworksBuildPhase;
			buildActionMask = 2147483647;
			files = (
			);
			runOnlyForDeploymentPostprocessing = 0;
		};
		2641FF8F2BDCF3C600DB3249 /* Frameworks */ = {
			isa = PBXFrameworksBuildPhase;
			buildActionMask = 2147483647;
			files = (
			);
			runOnlyForDeploymentPostprocessing = 0;
		};
		2641FF992BDCF3C600DB3249 /* Frameworks */ = {
			isa = PBXFrameworksBuildPhase;
			buildActionMask = 2147483647;
			files = (
			);
			runOnlyForDeploymentPostprocessing = 0;
		};
/* End PBXFrameworksBuildPhase section */

/* Begin PBXGroup section */
		260EB3212BEC145A0023BD56 /* Tests */ = {
			isa = PBXGroup;
			children = (
				260EB31D2BEC11250023BD56 /* DoublyLinkedListTests.swift */,
				260EB3142BEBE9D60023BD56 /* QueueArrayTests.swift */,
				260EB31B2BEC0EB10023BD56 /* QueueLinkedListTests.swift */,
				260EB3272BEC1AF30023BD56 /* QueueRingBufferTests.swift */,
				260EB3232BEC174B0023BD56 /* RingBufferTests.swift */,
				260EB32B2BEC20430023BD56 /* QueueStackTests.swift */,
			);
			path = Tests;
			sourceTree = "<group>";
		};
		260EB3222BEC146F0023BD56 /* Tests */ = {
			isa = PBXGroup;
			children = (
				2641FFC82BE2A90800DB3249 /* LinkedListTests.swift */,
			);
			path = Tests;
			sourceTree = "<group>";
		};
		260EB3332BEC27ED0023BD56 /* Tests */ = {
			isa = PBXGroup;
			children = (
				260EB3312BEC27E20023BD56 /* TreeNodeTests.swift */,
			);
			path = Tests;
			sourceTree = "<group>";
		};
		260EB3372BEE5EE10023BD56 /* Tests */ = {
			isa = PBXGroup;
			children = (
				260EB3382BEE5F050023BD56 /* BinaryTreeTests.swift */,
			);
			path = Tests;
			sourceTree = "<group>";
		};
		260EB3BD2BF27CF40023BD56 /* Tests */ = {
			isa = PBXGroup;
			children = (
				260EB3BB2BF27CEB0023BD56 /* BinarySearchTreeTests.swift */,
			);
			path = Tests;
			sourceTree = "<group>";
		};
		260EB3C02BF29C310023BD56 /* Tests */ = {
			isa = PBXGroup;
			children = (
				260EB3C52BF29CFA0023BD56 /* AVLTreeTests.swift */,
			);
			path = Tests;
			sourceTree = "<group>";
		};
		260EB3C72BF29DBE0023BD56 /* Tests */ = {
			isa = PBXGroup;
			children = (
				260EB3CC2BF29E500023BD56 /* TrieTests.swift */,
			);
			path = Tests;
			sourceTree = "<group>";
		};
		2641FF782BDCF3C500DB3249 = {
			isa = PBXGroup;
			children = (
				260EB3342BEC2BF60023BD56 /* LeetcodePractice.xctestplan */,
				2641FF832BDCF3C500DB3249 /* LeetcodePractice */,
				2641FF952BDCF3C600DB3249 /* LeetcodePracticeTests */,
				2641FF9F2BDCF3C600DB3249 /* LeetcodePracticeUITests */,
				2641FF822BDCF3C500DB3249 /* Products */,
			);
			sourceTree = "<group>";
		};
		2641FF822BDCF3C500DB3249 /* Products */ = {
			isa = PBXGroup;
			children = (
				2641FF812BDCF3C500DB3249 /* LeetcodePractice.app */,
				2641FF922BDCF3C600DB3249 /* LeetcodePracticeTests.xctest */,
				2641FF9C2BDCF3C600DB3249 /* LeetcodePracticeUITests.xctest */,
			);
			name = Products;
			sourceTree = "<group>";
		};
		2641FF832BDCF3C500DB3249 /* LeetcodePractice */ = {
			isa = PBXGroup;
			children = (
				2641FF842BDCF3C500DB3249 /* LeetcodePracticeApp.swift */,
				2641FF862BDCF3C500DB3249 /* ContentView.swift */,
				2641FF882BDCF3C600DB3249 /* Assets.xcassets */,
				2641FF8A2BDCF3C600DB3249 /* LeetcodePractice.entitlements */,
				2641FF8B2BDCF3C600DB3249 /* Preview Content */,
			);
			path = LeetcodePractice;
			sourceTree = "<group>";
		};
		2641FF8B2BDCF3C600DB3249 /* Preview Content */ = {
			isa = PBXGroup;
			children = (
				2641FF8C2BDCF3C600DB3249 /* Preview Assets.xcassets */,
			);
			path = "Preview Content";
			sourceTree = "<group>";
		};
		2641FF952BDCF3C600DB3249 /* LeetcodePracticeTests */ = {
			isa = PBXGroup;
			children = (
				260EB3042BE957B60023BD56 /* BestTimeToBuyAndSellStockTests.swift */,
				260EB3062BE95C180023BD56 /* BestTimeToBuyAndSellStockIITests.swift */,
				260EB3B32BF237930023BD56 /* CandyTests.swift */,
				26DE73E92C0E5113009F655D /* ContainsDuplicateIITests.swift */,
				260EB3D82BF3DFFC0023BD56 /* FindIndexOfFirstOccurrenceInStringTests.swift */,
				260EB3B12BEEAC5A0023BD56 /* GasStationTests.swift */,
				26DE73E32C08CCD7009F655D /* HappyNumberTests.swift */,
				260EB33A2BEE74740023BD56 /* H-IndexTests.swift */,
				260EB33C2BEE7D780023BD56 /* InsertDeleteGetRandomO(1)Tests.swift */,
				260EB3CE2BF2AE020023BD56 /* IntegerToRomanTests.swift */,
				260EB3DC2BF401D40023BD56 /* IsPalindromeTests.swift */,
				26DE73CE2BFD211D009F655D /* IsomorphicStringsTests.swift */,
				260EB3DE2BF900560023BD56 /* IsSubsequenceTests.swift */,
				260EB3082BEA4A090023BD56 /* JumpGameTests.swift */,
				260EB30A2BEA9D3B0023BD56 /* JumpGameIITests.swift */,
				2641FF962BDCF3C600DB3249 /* LeetcodePracticeTests.swift */,
				260EB3D02BF2B6260023BD56 /* LengthOfLastWordTests.swift */,
				260EB3D22BF2BAA50023BD56 /* LongestCommonPrefixTests.swift */,
				260EB3002BE93F2F0023BD56 /* MajorityElementTests.swift */,
				260EB3AF2BEEA4690023BD56 /* ProductOfArrayExceptSelfTests.swift */,
				26DE73CC2BFC14A4009F655D /* RansomNoteTests.swift */,
				260EB2FC2BE92BBB0023BD56 /* RemoveDuplicatesFromSortedArrayTests.swift */,
				260EB2FE2BE9368F0023BD56 /* RemoveDuplicatesFromSortedArrayIITests.swift */,
				260EB2FA2BE921C60023BD56 /* RemoveElementTests.swift */,
				260EB3D42BF2C1BD0023BD56 /* ReverseWordsInAString.swift */,
				260EB3BE2BF29B690023BD56 /* RomanToIntegerTests.swift */,
				260EB3022BE94D490023BD56 /* RotateArrayTests.swift */,
				260EB3DA2BF3F6490023BD56 /* TextJustificationTests.swift */,
				260EB3B52BF269CA0023BD56 /* TrappingRainWaterTests.swift */,
				26DE73E12C07588B009F655D /* TwoSumTests.swift */,
				26DE73D22BFFC208009F655D /* ValidAnagramTests.swift */,
				26DE73D02BFE8DB1009F655D /* WordPatternTests.swift */,
				260EB3D62BF3B6B00023BD56 /* ZigzagConversionTests.swift */,
				2641FFC32BE2558600DB3249 /* Prim'sAlgorithm */,
				2641FFC22BE2556E00DB3249 /* Dijkstra'sAlgorithm */,
				2641FFC12BE2554300DB3249 /* Depth-FirstSearch */,
				2641FFC02BE2553500DB3249 /* Breadth-FirstSearch */,
				2641FFBF2BE2552700DB3249 /* Graphs */,
				2641FFBE2BE2551D00DB3249 /* QuickSort */,
				2641FFBD2BE2551000DB3249 /* HeapSort */,
				2641FFBC2BE254EE00DB3249 /* RadixSort */,
				2641FFBB2BE254E500DB3249 /* MergeSort */,
				2641FFBA2BE254D000DB3249 /* O(n^2)SortingAlgorithms */,
				2641FFB92BE254BC00DB3249 /* PriorityQueues */,
				2641FFB82BE254AF00DB3249 /* Heaps */,
				2641FFB72BE254A400DB3249 /* BinarySearch */,
				2641FFB62BE2549C00DB3249 /* Tries */,
				2641FFB52BE2548E00DB3249 /* AVLTrees */,
				2641FFB42BE2546E00DB3249 /* BinarySearchTrees */,
				2641FFB32BE2546200DB3249 /* BinaryTrees */,
				2641FFB22BE2545700DB3249 /* Trees */,
				2641FFB12BE2544B00DB3249 /* Queues */,
				2641FFB02BE2544100DB3249 /* LinkedLists */,
				2641FFAF2BE2543700DB3249 /* Stacks */,
			);
			path = LeetcodePracticeTests;
			sourceTree = "<group>";
		};
		2641FF9F2BDCF3C600DB3249 /* LeetcodePracticeUITests */ = {
			isa = PBXGroup;
			children = (
				2641FFA02BDCF3C600DB3249 /* LeetcodePracticeUITests.swift */,
				2641FFA22BDCF3C600DB3249 /* LeetcodePracticeUITestsLaunchTests.swift */,
			);
			path = LeetcodePracticeUITests;
			sourceTree = "<group>";
		};
		2641FFAF2BE2543700DB3249 /* Stacks */ = {
			isa = PBXGroup;
			children = (
				2641FFC42BE26A7C00DB3249 /* StackTests.swift */,
			);
			path = Stacks;
			sourceTree = "<group>";
		};
		2641FFB02BE2544100DB3249 /* LinkedLists */ = {
			isa = PBXGroup;
			children = (
				260EB3222BEC146F0023BD56 /* Tests */,
				260EB2F62BE8F3340023BD56 /* Helpers.swift */,
				260EB2EE2BE656E20023BD56 /* LinkedList.swift */,
				260EB2F02BE657130023BD56 /* Node.swift */,
			);
			path = LinkedLists;
			sourceTree = "<group>";
		};
		2641FFB12BE2544B00DB3249 /* Queues */ = {
			isa = PBXGroup;
			children = (
				260EB3212BEC145A0023BD56 /* Tests */,
				260EB30C2BEBC1AA0023BD56 /* Queue.swift */,
				260EB3192BEC0C5A0023BD56 /* DoublyLinkedList.swift */,
				260EB30E2BEBC4F10023BD56 /* QueueArray.swift */,
				260EB3172BEC08AF0023BD56 /* QueueLinkedList.swift */,
				260EB3252BEC18C50023BD56 /* QueueRingBuffer.swift */,
				260EB31F2BEC13130023BD56 /* RingBuffer.swift */,
				260EB3292BEC1BFA0023BD56 /* QueueStack.swift */,
			);
			path = Queues;
			sourceTree = "<group>";
		};
		2641FFB22BE2545700DB3249 /* Trees */ = {
			isa = PBXGroup;
			children = (
				260EB3332BEC27ED0023BD56 /* Tests */,
				260EB32D2BEC22BE0023BD56 /* QueueTwo.swift */,
				260EB32F2BEC23450023BD56 /* TreeNode.swift */,
			);
			path = Trees;
			sourceTree = "<group>";
		};
		2641FFB32BE2546200DB3249 /* BinaryTrees */ = {
			isa = PBXGroup;
			children = (
				260EB3372BEE5EE10023BD56 /* Tests */,
				260EB3352BEE5A9A0023BD56 /* BinaryNode.swift */,
			);
			path = BinaryTrees;
			sourceTree = "<group>";
		};
		2641FFB42BE2546E00DB3249 /* BinarySearchTrees */ = {
			isa = PBXGroup;
			children = (
				260EB3BD2BF27CF40023BD56 /* Tests */,
				260EB3B72BF272C30023BD56 /* BinarySearchTree.swift */,
				260EB3B92BF2734B0023BD56 /* BinaryNodeTwo.swift */,
			);
			path = BinarySearchTrees;
			sourceTree = "<group>";
		};
		2641FFB52BE2548E00DB3249 /* AVLTrees */ = {
			isa = PBXGroup;
			children = (
				260EB3C02BF29C310023BD56 /* Tests */,
				260EB3C12BF29C440023BD56 /* AVLNode.swift */,
				260EB3C32BF29C520023BD56 /* AVLTree.swift */,
			);
			path = AVLTrees;
			sourceTree = "<group>";
		};
		2641FFB62BE2549C00DB3249 /* Tries */ = {
			isa = PBXGroup;
			children = (
				260EB3C72BF29DBE0023BD56 /* Tests */,
				260EB3C82BF29DD20023BD56 /* TrieNode.swift */,
				260EB3CA2BF29DF00023BD56 /* Trie.swift */,
			);
			path = Tries;
			sourceTree = "<group>";
		};
		2641FFB72BE254A400DB3249 /* BinarySearch */ = {
			isa = PBXGroup;
			children = (
			);
			path = BinarySearch;
			sourceTree = "<group>";
		};
		2641FFB82BE254AF00DB3249 /* Heaps */ = {
			isa = PBXGroup;
			children = (
			);
			path = Heaps;
			sourceTree = "<group>";
		};
		2641FFB92BE254BC00DB3249 /* PriorityQueues */ = {
			isa = PBXGroup;
			children = (
			);
			path = PriorityQueues;
			sourceTree = "<group>";
		};
		2641FFBA2BE254D000DB3249 /* O(n^2)SortingAlgorithms */ = {
			isa = PBXGroup;
			children = (
			);
			path = "O(n^2)SortingAlgorithms";
			sourceTree = "<group>";
		};
		2641FFBB2BE254E500DB3249 /* MergeSort */ = {
			isa = PBXGroup;
			children = (
			);
			path = MergeSort;
			sourceTree = "<group>";
		};
		2641FFBC2BE254EE00DB3249 /* RadixSort */ = {
			isa = PBXGroup;
			children = (
			);
			path = RadixSort;
			sourceTree = "<group>";
		};
		2641FFBD2BE2551000DB3249 /* HeapSort */ = {
			isa = PBXGroup;
			children = (
			);
			path = HeapSort;
			sourceTree = "<group>";
		};
		2641FFBE2BE2551D00DB3249 /* QuickSort */ = {
			isa = PBXGroup;
			children = (
			);
			path = QuickSort;
			sourceTree = "<group>";
		};
		2641FFBF2BE2552700DB3249 /* Graphs */ = {
			isa = PBXGroup;
			children = (
			);
			path = Graphs;
			sourceTree = "<group>";
		};
		2641FFC02BE2553500DB3249 /* Breadth-FirstSearch */ = {
			isa = PBXGroup;
			children = (
			);
			path = "Breadth-FirstSearch";
			sourceTree = "<group>";
		};
		2641FFC12BE2554300DB3249 /* Depth-FirstSearch */ = {
			isa = PBXGroup;
			children = (
			);
			path = "Depth-FirstSearch";
			sourceTree = "<group>";
		};
		2641FFC22BE2556E00DB3249 /* Dijkstra'sAlgorithm */ = {
			isa = PBXGroup;
			children = (
			);
			path = "Dijkstra'sAlgorithm";
			sourceTree = "<group>";
		};
		2641FFC32BE2558600DB3249 /* Prim'sAlgorithm */ = {
			isa = PBXGroup;
			children = (
			);
			path = "Prim'sAlgorithm";
			sourceTree = "<group>";
		};
/* End PBXGroup section */

/* Begin PBXNativeTarget section */
		2641FF802BDCF3C500DB3249 /* LeetcodePractice */ = {
			isa = PBXNativeTarget;
			buildConfigurationList = 2641FFA62BDCF3C600DB3249 /* Build configuration list for PBXNativeTarget "LeetcodePractice" */;
			buildPhases = (
				2641FF7D2BDCF3C500DB3249 /* Sources */,
				2641FF7E2BDCF3C500DB3249 /* Frameworks */,
				2641FF7F2BDCF3C500DB3249 /* Resources */,
			);
			buildRules = (
			);
			dependencies = (
			);
			name = LeetcodePractice;
			productName = LeetcodePractice;
			productReference = 2641FF812BDCF3C500DB3249 /* LeetcodePractice.app */;
			productType = "com.apple.product-type.application";
		};
		2641FF912BDCF3C600DB3249 /* LeetcodePracticeTests */ = {
			isa = PBXNativeTarget;
			buildConfigurationList = 2641FFA92BDCF3C600DB3249 /* Build configuration list for PBXNativeTarget "LeetcodePracticeTests" */;
			buildPhases = (
				2641FF8E2BDCF3C600DB3249 /* Sources */,
				2641FF8F2BDCF3C600DB3249 /* Frameworks */,
				2641FF902BDCF3C600DB3249 /* Resources */,
			);
			buildRules = (
			);
			dependencies = (
				2641FF942BDCF3C600DB3249 /* PBXTargetDependency */,
			);
			name = LeetcodePracticeTests;
			productName = LeetcodePracticeTests;
			productReference = 2641FF922BDCF3C600DB3249 /* LeetcodePracticeTests.xctest */;
			productType = "com.apple.product-type.bundle.unit-test";
		};
		2641FF9B2BDCF3C600DB3249 /* LeetcodePracticeUITests */ = {
			isa = PBXNativeTarget;
			buildConfigurationList = 2641FFAC2BDCF3C600DB3249 /* Build configuration list for PBXNativeTarget "LeetcodePracticeUITests" */;
			buildPhases = (
				2641FF982BDCF3C600DB3249 /* Sources */,
				2641FF992BDCF3C600DB3249 /* Frameworks */,
				2641FF9A2BDCF3C600DB3249 /* Resources */,
			);
			buildRules = (
			);
			dependencies = (
				2641FF9E2BDCF3C600DB3249 /* PBXTargetDependency */,
			);
			name = LeetcodePracticeUITests;
			productName = LeetcodePracticeUITests;
			productReference = 2641FF9C2BDCF3C600DB3249 /* LeetcodePracticeUITests.xctest */;
			productType = "com.apple.product-type.bundle.ui-testing";
		};
/* End PBXNativeTarget section */

/* Begin PBXProject section */
		2641FF792BDCF3C500DB3249 /* Project object */ = {
			isa = PBXProject;
			attributes = {
				BuildIndependentTargetsInParallel = 1;
				LastSwiftUpdateCheck = 1530;
				LastUpgradeCheck = 1530;
				TargetAttributes = {
					2641FF802BDCF3C500DB3249 = {
						CreatedOnToolsVersion = 15.3;
					};
					2641FF912BDCF3C600DB3249 = {
						CreatedOnToolsVersion = 15.3;
						TestTargetID = 2641FF802BDCF3C500DB3249;
					};
					2641FF9B2BDCF3C600DB3249 = {
						CreatedOnToolsVersion = 15.3;
						TestTargetID = 2641FF802BDCF3C500DB3249;
					};
				};
			};
			buildConfigurationList = 2641FF7C2BDCF3C500DB3249 /* Build configuration list for PBXProject "LeetcodePractice" */;
			compatibilityVersion = "Xcode 14.0";
			developmentRegion = en;
			hasScannedForEncodings = 0;
			knownRegions = (
				en,
				Base,
			);
			mainGroup = 2641FF782BDCF3C500DB3249;
			productRefGroup = 2641FF822BDCF3C500DB3249 /* Products */;
			projectDirPath = "";
			projectRoot = "";
			targets = (
				2641FF802BDCF3C500DB3249 /* LeetcodePractice */,
				2641FF912BDCF3C600DB3249 /* LeetcodePracticeTests */,
				2641FF9B2BDCF3C600DB3249 /* LeetcodePracticeUITests */,
			);
		};
/* End PBXProject section */

/* Begin PBXResourcesBuildPhase section */
		2641FF7F2BDCF3C500DB3249 /* Resources */ = {
			isa = PBXResourcesBuildPhase;
			buildActionMask = 2147483647;
			files = (
				2641FF8D2BDCF3C600DB3249 /* Preview Assets.xcassets in Resources */,
				2641FF892BDCF3C600DB3249 /* Assets.xcassets in Resources */,
			);
			runOnlyForDeploymentPostprocessing = 0;
		};
		2641FF902BDCF3C600DB3249 /* Resources */ = {
			isa = PBXResourcesBuildPhase;
			buildActionMask = 2147483647;
			files = (
			);
			runOnlyForDeploymentPostprocessing = 0;
		};
		2641FF9A2BDCF3C600DB3249 /* Resources */ = {
			isa = PBXResourcesBuildPhase;
			buildActionMask = 2147483647;
			files = (
			);
			runOnlyForDeploymentPostprocessing = 0;
		};
/* End PBXResourcesBuildPhase section */

/* Begin PBXSourcesBuildPhase section */
		2641FF7D2BDCF3C500DB3249 /* Sources */ = {
			isa = PBXSourcesBuildPhase;
			buildActionMask = 2147483647;
			files = (
				2641FF872BDCF3C500DB3249 /* ContentView.swift in Sources */,
				2641FF852BDCF3C500DB3249 /* LeetcodePracticeApp.swift in Sources */,
			);
			runOnlyForDeploymentPostprocessing = 0;
		};
		2641FF8E2BDCF3C600DB3249 /* Sources */ = {
			isa = PBXSourcesBuildPhase;
			buildActionMask = 2147483647;
			files = (
				260EB3BA2BF2734B0023BD56 /* BinaryNodeTwo.swift in Sources */,
				260EB3C22BF29C440023BD56 /* AVLNode.swift in Sources */,
				260EB2FF2BE9368F0023BD56 /* RemoveDuplicatesFromSortedArrayIITests.swift in Sources */,
				260EB3152BEBE9D60023BD56 /* QueueArrayTests.swift in Sources */,
				260EB30B2BEA9D3B0023BD56 /* JumpGameIITests.swift in Sources */,
				260EB3392BEE5F050023BD56 /* BinaryTreeTests.swift in Sources */,
				260EB3B82BF272C30023BD56 /* BinarySearchTree.swift in Sources */,
				260EB31E2BEC11250023BD56 /* DoublyLinkedListTests.swift in Sources */,
				260EB3B02BEEA4690023BD56 /* ProductOfArrayExceptSelfTests.swift in Sources */,
				260EB3DF2BF900560023BD56 /* IsSubsequenceTests.swift in Sources */,
				260EB3CB2BF29DF00023BD56 /* Trie.swift in Sources */,
				260EB3C42BF29C520023BD56 /* AVLTree.swift in Sources */,
				260EB3052BE957B60023BD56 /* BestTimeToBuyAndSellStockTests.swift in Sources */,
				260EB3242BEC174B0023BD56 /* RingBufferTests.swift in Sources */,
				260EB2FD2BE92BBB0023BD56 /* RemoveDuplicatesFromSortedArrayTests.swift in Sources */,
				260EB3282BEC1AF30023BD56 /* QueueRingBufferTests.swift in Sources */,
				260EB3182BEC08AF0023BD56 /* QueueLinkedList.swift in Sources */,
				260EB3DD2BF401D40023BD56 /* IsPalindromeTests.swift in Sources */,
				260EB2F72BE8F3340023BD56 /* Helpers.swift in Sources */,
				260EB3D72BF3B6B00023BD56 /* ZigzagConversionTests.swift in Sources */,
				26DE73E22C07588B009F655D /* TwoSumTests.swift in Sources */,
				260EB3012BE93F2F0023BD56 /* MajorityElementTests.swift in Sources */,
				260EB32A2BEC1BFA0023BD56 /* QueueStack.swift in Sources */,
				2641FFC52BE26A7C00DB3249 /* StackTests.swift in Sources */,
				26DE73CD2BFC14A4009F655D /* RansomNoteTests.swift in Sources */,
				26DE73EA2C0E5113009F655D /* ContainsDuplicateIITests.swift in Sources */,
				260EB2F12BE657130023BD56 /* Node.swift in Sources */,
				260EB2FB2BE921C60023BD56 /* RemoveElementTests.swift in Sources */,
				26DE73D32BFFC208009F655D /* ValidAnagramTests.swift in Sources */,
				260EB3032BE94D490023BD56 /* RotateArrayTests.swift in Sources */,
				260EB3202BEC13130023BD56 /* RingBuffer.swift in Sources */,
				260EB32E2BEC22BE0023BD56 /* QueueTwo.swift in Sources */,
				26DE73CF2BFD211D009F655D /* IsomorphicStringsTests.swift in Sources */,
				260EB3BF2BF29B690023BD56 /* RomanToIntegerTests.swift in Sources */,
				260EB3DB2BF3F6490023BD56 /* TextJustificationTests.swift in Sources */,
				260EB3322BEC27E20023BD56 /* TreeNodeTests.swift in Sources */,
				260EB3CF2BF2AE020023BD56 /* IntegerToRomanTests.swift in Sources */,
				260EB3072BE95C180023BD56 /* BestTimeToBuyAndSellStockIITests.swift in Sources */,
				260EB30D2BEBC1AA0023BD56 /* Queue.swift in Sources */,
				260EB3C92BF29DD20023BD56 /* TrieNode.swift in Sources */,
				260EB33D2BEE7D780023BD56 /* InsertDeleteGetRandomO(1)Tests.swift in Sources */,
				260EB30F2BEBC4F10023BD56 /* QueueArray.swift in Sources */,
				260EB3362BEE5A9A0023BD56 /* BinaryNode.swift in Sources */,
				260EB31A2BEC0C5A0023BD56 /* DoublyLinkedList.swift in Sources */,
				2641FFC92BE2A90800DB3249 /* LinkedListTests.swift in Sources */,
				260EB3302BEC23450023BD56 /* TreeNode.swift in Sources */,
				260EB3D52BF2C1BD0023BD56 /* ReverseWordsInAString.swift in Sources */,
				260EB33B2BEE74740023BD56 /* H-IndexTests.swift in Sources */,
				26DE73E42C08CCD7009F655D /* HappyNumberTests.swift in Sources */,
				260EB3D92BF3DFFC0023BD56 /* FindIndexOfFirstOccurrenceInStringTests.swift in Sources */,
				260EB3CD2BF29E500023BD56 /* TrieTests.swift in Sources */,
				260EB3D32BF2BAA50023BD56 /* LongestCommonPrefixTests.swift in Sources */,
				260EB31C2BEC0EB10023BD56 /* QueueLinkedListTests.swift in Sources */,
				260EB3262BEC18C50023BD56 /* QueueRingBuffer.swift in Sources */,
				260EB3D12BF2B6260023BD56 /* LengthOfLastWordTests.swift in Sources */,
				260EB3C62BF29CFA0023BD56 /* AVLTreeTests.swift in Sources */,
				260EB3B62BF269CA0023BD56 /* TrappingRainWaterTests.swift in Sources */,
				260EB2EF2BE656E20023BD56 /* LinkedList.swift in Sources */,
				260EB3BC2BF27CEB0023BD56 /* BinarySearchTreeTests.swift in Sources */,
				26DE73D12BFE8DB1009F655D /* WordPatternTests.swift in Sources */,
				2641FF972BDCF3C600DB3249 /* LeetcodePracticeTests.swift in Sources */,
				260EB3B22BEEAC5A0023BD56 /* GasStationTests.swift in Sources */,
				260EB32C2BEC20430023BD56 /* QueueStackTests.swift in Sources */,
				260EB3092BEA4A090023BD56 /* JumpGameTests.swift in Sources */,
				260EB3B42BF237930023BD56 /* CandyTests.swift in Sources */,
			);
			runOnlyForDeploymentPostprocessing = 0;
		};
		2641FF982BDCF3C600DB3249 /* Sources */ = {
			isa = PBXSourcesBuildPhase;
			buildActionMask = 2147483647;
			files = (
				2641FFA32BDCF3C600DB3249 /* LeetcodePracticeUITestsLaunchTests.swift in Sources */,
				2641FFA12BDCF3C600DB3249 /* LeetcodePracticeUITests.swift in Sources */,
			);
			runOnlyForDeploymentPostprocessing = 0;
		};
/* End PBXSourcesBuildPhase section */

/* Begin PBXTargetDependency section */
		2641FF942BDCF3C600DB3249 /* PBXTargetDependency */ = {
			isa = PBXTargetDependency;
			target = 2641FF802BDCF3C500DB3249 /* LeetcodePractice */;
			targetProxy = 2641FF932BDCF3C600DB3249 /* PBXContainerItemProxy */;
		};
		2641FF9E2BDCF3C600DB3249 /* PBXTargetDependency */ = {
			isa = PBXTargetDependency;
			target = 2641FF802BDCF3C500DB3249 /* LeetcodePractice */;
			targetProxy = 2641FF9D2BDCF3C600DB3249 /* PBXContainerItemProxy */;
		};
/* End PBXTargetDependency section */

/* Begin XCBuildConfiguration section */
		2641FFA42BDCF3C600DB3249 /* Debug */ = {
			isa = XCBuildConfiguration;
			buildSettings = {
				ALWAYS_SEARCH_USER_PATHS = NO;
				ASSETCATALOG_COMPILER_GENERATE_SWIFT_ASSET_SYMBOL_EXTENSIONS = YES;
				CLANG_ANALYZER_NONNULL = YES;
				CLANG_ANALYZER_NUMBER_OBJECT_CONVERSION = YES_AGGRESSIVE;
				CLANG_CXX_LANGUAGE_STANDARD = "gnu++20";
				CLANG_ENABLE_MODULES = YES;
				CLANG_ENABLE_OBJC_ARC = YES;
				CLANG_ENABLE_OBJC_WEAK = YES;
				CLANG_WARN_BLOCK_CAPTURE_AUTORELEASING = YES;
				CLANG_WARN_BOOL_CONVERSION = YES;
				CLANG_WARN_COMMA = YES;
				CLANG_WARN_CONSTANT_CONVERSION = YES;
				CLANG_WARN_DEPRECATED_OBJC_IMPLEMENTATIONS = YES;
				CLANG_WARN_DIRECT_OBJC_ISA_USAGE = YES_ERROR;
				CLANG_WARN_DOCUMENTATION_COMMENTS = YES;
				CLANG_WARN_EMPTY_BODY = YES;
				CLANG_WARN_ENUM_CONVERSION = YES;
				CLANG_WARN_INFINITE_RECURSION = YES;
				CLANG_WARN_INT_CONVERSION = YES;
				CLANG_WARN_NON_LITERAL_NULL_CONVERSION = YES;
				CLANG_WARN_OBJC_IMPLICIT_RETAIN_SELF = YES;
				CLANG_WARN_OBJC_LITERAL_CONVERSION = YES;
				CLANG_WARN_OBJC_ROOT_CLASS = YES_ERROR;
				CLANG_WARN_QUOTED_INCLUDE_IN_FRAMEWORK_HEADER = YES;
				CLANG_WARN_RANGE_LOOP_ANALYSIS = YES;
				CLANG_WARN_STRICT_PROTOTYPES = YES;
				CLANG_WARN_SUSPICIOUS_MOVE = YES;
				CLANG_WARN_UNGUARDED_AVAILABILITY = YES_AGGRESSIVE;
				CLANG_WARN_UNREACHABLE_CODE = YES;
				CLANG_WARN__DUPLICATE_METHOD_MATCH = YES;
				COPY_PHASE_STRIP = NO;
				DEBUG_INFORMATION_FORMAT = dwarf;
				ENABLE_STRICT_OBJC_MSGSEND = YES;
				ENABLE_TESTABILITY = YES;
				ENABLE_USER_SCRIPT_SANDBOXING = YES;
				GCC_C_LANGUAGE_STANDARD = gnu17;
				GCC_DYNAMIC_NO_PIC = NO;
				GCC_NO_COMMON_BLOCKS = YES;
				GCC_OPTIMIZATION_LEVEL = 0;
				GCC_PREPROCESSOR_DEFINITIONS = (
					"DEBUG=1",
					"$(inherited)",
				);
				GCC_WARN_64_TO_32_BIT_CONVERSION = YES;
				GCC_WARN_ABOUT_RETURN_TYPE = YES_ERROR;
				GCC_WARN_UNDECLARED_SELECTOR = YES;
				GCC_WARN_UNINITIALIZED_AUTOS = YES_AGGRESSIVE;
				GCC_WARN_UNUSED_FUNCTION = YES;
				GCC_WARN_UNUSED_VARIABLE = YES;
				LOCALIZATION_PREFERS_STRING_CATALOGS = YES;
				MTL_ENABLE_DEBUG_INFO = INCLUDE_SOURCE;
				MTL_FAST_MATH = YES;
				ONLY_ACTIVE_ARCH = YES;
				SWIFT_ACTIVE_COMPILATION_CONDITIONS = "DEBUG $(inherited)";
				SWIFT_OPTIMIZATION_LEVEL = "-Onone";
			};
			name = Debug;
		};
		2641FFA52BDCF3C600DB3249 /* Release */ = {
			isa = XCBuildConfiguration;
			buildSettings = {
				ALWAYS_SEARCH_USER_PATHS = NO;
				ASSETCATALOG_COMPILER_GENERATE_SWIFT_ASSET_SYMBOL_EXTENSIONS = YES;
				CLANG_ANALYZER_NONNULL = YES;
				CLANG_ANALYZER_NUMBER_OBJECT_CONVERSION = YES_AGGRESSIVE;
				CLANG_CXX_LANGUAGE_STANDARD = "gnu++20";
				CLANG_ENABLE_MODULES = YES;
				CLANG_ENABLE_OBJC_ARC = YES;
				CLANG_ENABLE_OBJC_WEAK = YES;
				CLANG_WARN_BLOCK_CAPTURE_AUTORELEASING = YES;
				CLANG_WARN_BOOL_CONVERSION = YES;
				CLANG_WARN_COMMA = YES;
				CLANG_WARN_CONSTANT_CONVERSION = YES;
				CLANG_WARN_DEPRECATED_OBJC_IMPLEMENTATIONS = YES;
				CLANG_WARN_DIRECT_OBJC_ISA_USAGE = YES_ERROR;
				CLANG_WARN_DOCUMENTATION_COMMENTS = YES;
				CLANG_WARN_EMPTY_BODY = YES;
				CLANG_WARN_ENUM_CONVERSION = YES;
				CLANG_WARN_INFINITE_RECURSION = YES;
				CLANG_WARN_INT_CONVERSION = YES;
				CLANG_WARN_NON_LITERAL_NULL_CONVERSION = YES;
				CLANG_WARN_OBJC_IMPLICIT_RETAIN_SELF = YES;
				CLANG_WARN_OBJC_LITERAL_CONVERSION = YES;
				CLANG_WARN_OBJC_ROOT_CLASS = YES_ERROR;
				CLANG_WARN_QUOTED_INCLUDE_IN_FRAMEWORK_HEADER = YES;
				CLANG_WARN_RANGE_LOOP_ANALYSIS = YES;
				CLANG_WARN_STRICT_PROTOTYPES = YES;
				CLANG_WARN_SUSPICIOUS_MOVE = YES;
				CLANG_WARN_UNGUARDED_AVAILABILITY = YES_AGGRESSIVE;
				CLANG_WARN_UNREACHABLE_CODE = YES;
				CLANG_WARN__DUPLICATE_METHOD_MATCH = YES;
				COPY_PHASE_STRIP = NO;
				DEBUG_INFORMATION_FORMAT = "dwarf-with-dsym";
				ENABLE_NS_ASSERTIONS = NO;
				ENABLE_STRICT_OBJC_MSGSEND = YES;
				ENABLE_USER_SCRIPT_SANDBOXING = YES;
				GCC_C_LANGUAGE_STANDARD = gnu17;
				GCC_NO_COMMON_BLOCKS = YES;
				GCC_WARN_64_TO_32_BIT_CONVERSION = YES;
				GCC_WARN_ABOUT_RETURN_TYPE = YES_ERROR;
				GCC_WARN_UNDECLARED_SELECTOR = YES;
				GCC_WARN_UNINITIALIZED_AUTOS = YES_AGGRESSIVE;
				GCC_WARN_UNUSED_FUNCTION = YES;
				GCC_WARN_UNUSED_VARIABLE = YES;
				LOCALIZATION_PREFERS_STRING_CATALOGS = YES;
				MTL_ENABLE_DEBUG_INFO = NO;
				MTL_FAST_MATH = YES;
				SWIFT_COMPILATION_MODE = wholemodule;
			};
			name = Release;
		};
		2641FFA72BDCF3C600DB3249 /* Debug */ = {
			isa = XCBuildConfiguration;
			buildSettings = {
				ASSETCATALOG_COMPILER_APPICON_NAME = AppIcon;
				ASSETCATALOG_COMPILER_GLOBAL_ACCENT_COLOR_NAME = AccentColor;
				CODE_SIGN_ENTITLEMENTS = LeetcodePractice/LeetcodePractice.entitlements;
				CODE_SIGN_STYLE = Automatic;
				CURRENT_PROJECT_VERSION = 1;
				DEVELOPMENT_ASSET_PATHS = "\"LeetcodePractice/Preview Content\"";
				DEVELOPMENT_TEAM = P92GSKWU9W;
				ENABLE_HARDENED_RUNTIME = YES;
				ENABLE_PREVIEWS = YES;
				GENERATE_INFOPLIST_FILE = YES;
				"INFOPLIST_KEY_UIApplicationSceneManifest_Generation[sdk=iphoneos*]" = YES;
				"INFOPLIST_KEY_UIApplicationSceneManifest_Generation[sdk=iphonesimulator*]" = YES;
				"INFOPLIST_KEY_UIApplicationSupportsIndirectInputEvents[sdk=iphoneos*]" = YES;
				"INFOPLIST_KEY_UIApplicationSupportsIndirectInputEvents[sdk=iphonesimulator*]" = YES;
				"INFOPLIST_KEY_UILaunchScreen_Generation[sdk=iphoneos*]" = YES;
				"INFOPLIST_KEY_UILaunchScreen_Generation[sdk=iphonesimulator*]" = YES;
				"INFOPLIST_KEY_UIStatusBarStyle[sdk=iphoneos*]" = UIStatusBarStyleDefault;
				"INFOPLIST_KEY_UIStatusBarStyle[sdk=iphonesimulator*]" = UIStatusBarStyleDefault;
				INFOPLIST_KEY_UISupportedInterfaceOrientations_iPad = "UIInterfaceOrientationPortrait UIInterfaceOrientationPortraitUpsideDown UIInterfaceOrientationLandscapeLeft UIInterfaceOrientationLandscapeRight";
				INFOPLIST_KEY_UISupportedInterfaceOrientations_iPhone = "UIInterfaceOrientationPortrait UIInterfaceOrientationLandscapeLeft UIInterfaceOrientationLandscapeRight";
				IPHONEOS_DEPLOYMENT_TARGET = 17.4;
				LD_RUNPATH_SEARCH_PATHS = "@executable_path/Frameworks";
				"LD_RUNPATH_SEARCH_PATHS[sdk=macosx*]" = "@executable_path/../Frameworks";
				MACOSX_DEPLOYMENT_TARGET = 14.4;
				MARKETING_VERSION = 1.0;
				PRODUCT_BUNDLE_IDENTIFIER = Sarah.LeetcodePractice;
				PRODUCT_NAME = "$(TARGET_NAME)";
				SDKROOT = auto;
				SUPPORTED_PLATFORMS = "iphoneos iphonesimulator macosx";
				SWIFT_EMIT_LOC_STRINGS = YES;
				SWIFT_VERSION = 5.0;
				TARGETED_DEVICE_FAMILY = "1,2";
			};
			name = Debug;
		};
		2641FFA82BDCF3C600DB3249 /* Release */ = {
			isa = XCBuildConfiguration;
			buildSettings = {
				ASSETCATALOG_COMPILER_APPICON_NAME = AppIcon;
				ASSETCATALOG_COMPILER_GLOBAL_ACCENT_COLOR_NAME = AccentColor;
				CODE_SIGN_ENTITLEMENTS = LeetcodePractice/LeetcodePractice.entitlements;
				CODE_SIGN_STYLE = Automatic;
				CURRENT_PROJECT_VERSION = 1;
				DEVELOPMENT_ASSET_PATHS = "\"LeetcodePractice/Preview Content\"";
				DEVELOPMENT_TEAM = P92GSKWU9W;
				ENABLE_HARDENED_RUNTIME = YES;
				ENABLE_PREVIEWS = YES;
				GENERATE_INFOPLIST_FILE = YES;
				"INFOPLIST_KEY_UIApplicationSceneManifest_Generation[sdk=iphoneos*]" = YES;
				"INFOPLIST_KEY_UIApplicationSceneManifest_Generation[sdk=iphonesimulator*]" = YES;
				"INFOPLIST_KEY_UIApplicationSupportsIndirectInputEvents[sdk=iphoneos*]" = YES;
				"INFOPLIST_KEY_UIApplicationSupportsIndirectInputEvents[sdk=iphonesimulator*]" = YES;
				"INFOPLIST_KEY_UILaunchScreen_Generation[sdk=iphoneos*]" = YES;
				"INFOPLIST_KEY_UILaunchScreen_Generation[sdk=iphonesimulator*]" = YES;
				"INFOPLIST_KEY_UIStatusBarStyle[sdk=iphoneos*]" = UIStatusBarStyleDefault;
				"INFOPLIST_KEY_UIStatusBarStyle[sdk=iphonesimulator*]" = UIStatusBarStyleDefault;
				INFOPLIST_KEY_UISupportedInterfaceOrientations_iPad = "UIInterfaceOrientationPortrait UIInterfaceOrientationPortraitUpsideDown UIInterfaceOrientationLandscapeLeft UIInterfaceOrientationLandscapeRight";
				INFOPLIST_KEY_UISupportedInterfaceOrientations_iPhone = "UIInterfaceOrientationPortrait UIInterfaceOrientationLandscapeLeft UIInterfaceOrientationLandscapeRight";
				IPHONEOS_DEPLOYMENT_TARGET = 17.4;
				LD_RUNPATH_SEARCH_PATHS = "@executable_path/Frameworks";
				"LD_RUNPATH_SEARCH_PATHS[sdk=macosx*]" = "@executable_path/../Frameworks";
				MACOSX_DEPLOYMENT_TARGET = 14.4;
				MARKETING_VERSION = 1.0;
				PRODUCT_BUNDLE_IDENTIFIER = Sarah.LeetcodePractice;
				PRODUCT_NAME = "$(TARGET_NAME)";
				SDKROOT = auto;
				SUPPORTED_PLATFORMS = "iphoneos iphonesimulator macosx";
				SWIFT_EMIT_LOC_STRINGS = YES;
				SWIFT_VERSION = 5.0;
				TARGETED_DEVICE_FAMILY = "1,2";
			};
			name = Release;
		};
		2641FFAA2BDCF3C600DB3249 /* Debug */ = {
			isa = XCBuildConfiguration;
			buildSettings = {
				ALWAYS_EMBED_SWIFT_STANDARD_LIBRARIES = YES;
				BUNDLE_LOADER = "$(TEST_HOST)";
				CODE_SIGN_STYLE = Automatic;
				CURRENT_PROJECT_VERSION = 1;
				DEVELOPMENT_TEAM = P92GSKWU9W;
				GENERATE_INFOPLIST_FILE = YES;
				IPHONEOS_DEPLOYMENT_TARGET = 17.4;
				MACOSX_DEPLOYMENT_TARGET = 14.4;
				MARKETING_VERSION = 1.0;
				PRODUCT_BUNDLE_IDENTIFIER = Sarah.LeetcodePracticeTests;
				PRODUCT_NAME = "$(TARGET_NAME)";
				SDKROOT = auto;
				SUPPORTED_PLATFORMS = "iphoneos iphonesimulator macosx";
				SWIFT_EMIT_LOC_STRINGS = NO;
				SWIFT_VERSION = 5.0;
				TARGETED_DEVICE_FAMILY = "1,2";
				TEST_HOST = "$(BUILT_PRODUCTS_DIR)/LeetcodePractice.app/$(BUNDLE_EXECUTABLE_FOLDER_PATH)/LeetcodePractice";
			};
			name = Debug;
		};
		2641FFAB2BDCF3C600DB3249 /* Release */ = {
			isa = XCBuildConfiguration;
			buildSettings = {
				ALWAYS_EMBED_SWIFT_STANDARD_LIBRARIES = YES;
				BUNDLE_LOADER = "$(TEST_HOST)";
				CODE_SIGN_STYLE = Automatic;
				CURRENT_PROJECT_VERSION = 1;
				DEVELOPMENT_TEAM = P92GSKWU9W;
				GENERATE_INFOPLIST_FILE = YES;
				IPHONEOS_DEPLOYMENT_TARGET = 17.4;
				MACOSX_DEPLOYMENT_TARGET = 14.4;
				MARKETING_VERSION = 1.0;
				PRODUCT_BUNDLE_IDENTIFIER = Sarah.LeetcodePracticeTests;
				PRODUCT_NAME = "$(TARGET_NAME)";
				SDKROOT = auto;
				SUPPORTED_PLATFORMS = "iphoneos iphonesimulator macosx";
				SWIFT_EMIT_LOC_STRINGS = NO;
				SWIFT_VERSION = 5.0;
				TARGETED_DEVICE_FAMILY = "1,2";
				TEST_HOST = "$(BUILT_PRODUCTS_DIR)/LeetcodePractice.app/$(BUNDLE_EXECUTABLE_FOLDER_PATH)/LeetcodePractice";
			};
			name = Release;
		};
		2641FFAD2BDCF3C600DB3249 /* Debug */ = {
			isa = XCBuildConfiguration;
			buildSettings = {
				ALWAYS_EMBED_SWIFT_STANDARD_LIBRARIES = YES;
				CODE_SIGN_STYLE = Automatic;
				CURRENT_PROJECT_VERSION = 1;
				DEVELOPMENT_TEAM = P92GSKWU9W;
				GENERATE_INFOPLIST_FILE = YES;
				IPHONEOS_DEPLOYMENT_TARGET = 17.4;
				MACOSX_DEPLOYMENT_TARGET = 14.4;
				MARKETING_VERSION = 1.0;
				PRODUCT_BUNDLE_IDENTIFIER = Sarah.LeetcodePracticeUITests;
				PRODUCT_NAME = "$(TARGET_NAME)";
				SDKROOT = auto;
				SUPPORTED_PLATFORMS = "iphoneos iphonesimulator macosx";
				SWIFT_EMIT_LOC_STRINGS = NO;
				SWIFT_VERSION = 5.0;
				TARGETED_DEVICE_FAMILY = "1,2";
				TEST_TARGET_NAME = LeetcodePractice;
			};
			name = Debug;
		};
		2641FFAE2BDCF3C600DB3249 /* Release */ = {
			isa = XCBuildConfiguration;
			buildSettings = {
				ALWAYS_EMBED_SWIFT_STANDARD_LIBRARIES = YES;
				CODE_SIGN_STYLE = Automatic;
				CURRENT_PROJECT_VERSION = 1;
				DEVELOPMENT_TEAM = P92GSKWU9W;
				GENERATE_INFOPLIST_FILE = YES;
				IPHONEOS_DEPLOYMENT_TARGET = 17.4;
				MACOSX_DEPLOYMENT_TARGET = 14.4;
				MARKETING_VERSION = 1.0;
				PRODUCT_BUNDLE_IDENTIFIER = Sarah.LeetcodePracticeUITests;
				PRODUCT_NAME = "$(TARGET_NAME)";
				SDKROOT = auto;
				SUPPORTED_PLATFORMS = "iphoneos iphonesimulator macosx";
				SWIFT_EMIT_LOC_STRINGS = NO;
				SWIFT_VERSION = 5.0;
				TARGETED_DEVICE_FAMILY = "1,2";
				TEST_TARGET_NAME = LeetcodePractice;
			};
			name = Release;
		};
/* End XCBuildConfiguration section */

/* Begin XCConfigurationList section */
		2641FF7C2BDCF3C500DB3249 /* Build configuration list for PBXProject "LeetcodePractice" */ = {
			isa = XCConfigurationList;
			buildConfigurations = (
				2641FFA42BDCF3C600DB3249 /* Debug */,
				2641FFA52BDCF3C600DB3249 /* Release */,
			);
			defaultConfigurationIsVisible = 0;
			defaultConfigurationName = Release;
		};
		2641FFA62BDCF3C600DB3249 /* Build configuration list for PBXNativeTarget "LeetcodePractice" */ = {
			isa = XCConfigurationList;
			buildConfigurations = (
				2641FFA72BDCF3C600DB3249 /* Debug */,
				2641FFA82BDCF3C600DB3249 /* Release */,
			);
			defaultConfigurationIsVisible = 0;
			defaultConfigurationName = Release;
		};
		2641FFA92BDCF3C600DB3249 /* Build configuration list for PBXNativeTarget "LeetcodePracticeTests" */ = {
			isa = XCConfigurationList;
			buildConfigurations = (
				2641FFAA2BDCF3C600DB3249 /* Debug */,
				2641FFAB2BDCF3C600DB3249 /* Release */,
			);
			defaultConfigurationIsVisible = 0;
			defaultConfigurationName = Release;
		};
		2641FFAC2BDCF3C600DB3249 /* Build configuration list for PBXNativeTarget "LeetcodePracticeUITests" */ = {
			isa = XCConfigurationList;
			buildConfigurations = (
				2641FFAD2BDCF3C600DB3249 /* Debug */,
				2641FFAE2BDCF3C600DB3249 /* Release */,
			);
			defaultConfigurationIsVisible = 0;
			defaultConfigurationName = Release;
		};
/* End XCConfigurationList section */
	};
	rootObject = 2641FF792BDCF3C500DB3249 /* Project object */;
}
